
Microsoft Visual Studio Solution File, Format Version 12.00
Project("{FAE04EC0-301F-11D3-BF4B-00C04F79EFBC}") = "FinanzasPersonales.Api", "FinanzasPersonales.Api\FinanzasPersonales.Api.csproj", "{6B98E8B3-6E56-4DFD-9EE9-FFBCE2000E0C}"
EndProject
Project("{FAE04EC0-301F-11D3-BF4B-00C04F79EFBC}") = "FinanzasPersonales.Domain", "FinanzasPersonales.Domain\FinanzasPersonales.Domain.csproj", "{8E3D34AD-0FF5-4FAD-9D6D-E33AEF073894}"
EndProject
Project("{FAE04EC0-301F-11D3-BF4B-00C04F79EFBC}") = "FinanzasPersonales.Application", "FinanzasPersonales.Application\FinanzasPersonales.Application.csproj", "{F9C343C8-F3E3-4E72-80AE-8C2E12AC6322}"
EndProject
Project("{FAE04EC0-301F-11D3-BF4B-00C04F79EFBC}") = "FinanzasPersonales.Infrastructure", "FinanzasPersonales.Infrastructure\FinanzasPersonales.Infrastructure.csproj", "{C36DAD31-8253-4261-AEF7-E1C139BBF486}"
EndProject
Global
	GlobalSection(SolutionConfigurationPlatforms) = preSolution
		Debug|Any CPU = Debug|Any CPU
		Release|Any CPU = Release|Any CPU
	EndGlobalSection
	GlobalSection(ProjectConfigurationPlatforms) = postSolution
		{6B98E8B3-6E56-4DFD-9EE9-FFBCE2000E0C}.Debug|Any CPU.ActiveCfg = Debug|Any CPU
		{6B98E8B3-6E56-4DFD-9EE9-FFBCE2000E0C}.Debug|Any CPU.Build.0 = Debug|Any CPU
		{6B98E8B3-6E56-4DFD-9EE9-FFBCE2000E0C}.Release|Any CPU.ActiveCfg = Release|Any CPU
		{6B98E8B3-6E56-4DFD-9EE9-FFBCE2000E0C}.Release|Any CPU.Build.0 = Release|Any CPU
		{8E3D34AD-0FF5-4FAD-9D6D-E33AEF073894}.Debug|Any CPU.ActiveCfg = Debug|Any CPU
		{8E3D34AD-0FF5-4FAD-9D6D-E33AEF073894}.Debug|Any CPU.Build.0 = Debug|Any CPU
		{8E3D34AD-0FF5-4FAD-9D6D-E33AEF073894}.Release|Any CPU.ActiveCfg = Release|Any CPU
		{8E3D34AD-0FF5-4FAD-9D6D-E33AEF073894}.Release|Any CPU.Build.0 = Release|Any CPU
		{F9C343C8-F3E3-4E72-80AE-8C2E12AC6322}.Debug|Any CPU.ActiveCfg = Debug|Any CPU
		{F9C343C8-F3E3-4E72-80AE-8C2E12AC6322}.Debug|Any CPU.Build.0 = Debug|Any CPU
		{F9C343C8-F3E3-4E72-80AE-8C2E12AC6322}.Release|Any CPU.ActiveCfg = Release|Any CPU
		{F9C343C8-F3E3-4E72-80AE-8C2E12AC6322}.Release|Any CPU.Build.0 = Release|Any CPU
		{C36DAD31-8253-4261-AEF7-E1C139BBF486}.Debug|Any CPU.ActiveCfg = Debug|Any CPU
		{C36DAD31-8253-4261-AEF7-E1C139BBF486}.Debug|Any CPU.Build.0 = Debug|Any CPU
		{C36DAD31-8253-4261-AEF7-E1C139BBF486}.Release|Any CPU.ActiveCfg = Release|Any CPU
		{C36DAD31-8253-4261-AEF7-E1C139BBF486}.Release|Any CPU.Build.0 = Release|Any CPU
	EndGlobalSection
EndGlobal
